// !$*UTF8*$!
{
	archiveVersion = 1;
	classes = {
	};
	objectVersion = 50;
	objects = {

/* Begin PBXBuildFile section */
		D20B4303220B2D3200C8D600 /* error_1_generator.cpp in Sources */ = {isa = PBXBuildFile; fileRef = D20B4301220B2D3200C8D600 /* error_1_generator.cpp */; };
		D20B4306220B2D4100C8D600 /* error_2_generator.cpp in Sources */ = {isa = PBXBuildFile; fileRef = D20B4304220B2D4100C8D600 /* error_2_generator.cpp */; };
		D20B4309220B2D4E00C8D600 /* error_3_generator.cpp in Sources */ = {isa = PBXBuildFile; fileRef = D20B4307220B2D4E00C8D600 /* error_3_generator.cpp */; };
		D20B430C220B2D6A00C8D600 /* error_4_generator.cpp in Sources */ = {isa = PBXBuildFile; fileRef = D20B430A220B2D6A00C8D600 /* error_4_generator.cpp */; };
		D2CEC7B1220B72D500FD3E14 /* general_error.cpp in Sources */ = {isa = PBXBuildFile; fileRef = D2CEC7AF220B72D500FD3E14 /* general_error.cpp */; };
/* End PBXBuildFile section */

/* Begin PBXCopyFilesBuildPhase section */
		D20B42F5220B2D1200C8D600 /* CopyFiles */ = {
			isa = PBXCopyFilesBuildPhase;
			buildActionMask = 2147483647;
			dstPath = /usr/share/man/man1/;
			dstSubfolderSpec = 0;
			files = (
			);
			runOnlyForDeploymentPostprocessing = 1;
		};
/* End PBXCopyFilesBuildPhase section */

/* Begin PBXFileReference section */
		D20B42F7220B2D1200C8D600 /* quad_error_generator */ = {isa = PBXFileReference; explicitFileType = "compiled.mach-o.executable"; includeInIndex = 0; path = quad_error_generator; sourceTree = BUILT_PRODUCTS_DIR; };
		D20B4301220B2D3200C8D600 /* error_1_generator.cpp */ = {isa = PBXFileReference; lastKnownFileType = sourcecode.cpp.cpp; path = error_1_generator.cpp; sourceTree = "<group>"; };
		D20B4302220B2D3200C8D600 /* error_1_generator.hpp */ = {isa = PBXFileReference; lastKnownFileType = sourcecode.cpp.h; path = error_1_generator.hpp; sourceTree = "<group>"; };
		D20B4304220B2D4100C8D600 /* error_2_generator.cpp */ = {isa = PBXFileReference; lastKnownFileType = sourcecode.cpp.cpp; path = error_2_generator.cpp; sourceTree = "<group>"; };
		D20B4305220B2D4100C8D600 /* error_2_generator.hpp */ = {isa = PBXFileReference; lastKnownFileType = sourcecode.cpp.h; path = error_2_generator.hpp; sourceTree = "<group>"; };
		D20B4307220B2D4E00C8D600 /* error_3_generator.cpp */ = {isa = PBXFileReference; lastKnownFileType = sourcecode.cpp.cpp; path = error_3_generator.cpp; sourceTree = "<group>"; };
		D20B4308220B2D4E00C8D600 /* error_3_generator.hpp */ = {isa = PBXFileReference; lastKnownFileType = sourcecode.cpp.h; path = error_3_generator.hpp; sourceTree = "<group>"; };
		D20B430A220B2D6A00C8D600 /* error_4_generator.cpp */ = {isa = PBXFileReference; lastKnownFileType = sourcecode.cpp.cpp; path = error_4_generator.cpp; sourceTree = "<group>"; };
		D20B430B220B2D6A00C8D600 /* error_4_generator.hpp */ = {isa = PBXFileReference; lastKnownFileType = sourcecode.cpp.h; path = error_4_generator.hpp; sourceTree = "<group>"; };
		D2CEC7AF220B72D500FD3E14 /* general_error.cpp */ = {isa = PBXFileReference; lastKnownFileType = sourcecode.cpp.cpp; path = general_error.cpp; sourceTree = "<group>"; };
		D2CEC7B0220B72D500FD3E14 /* general_error.hpp */ = {isa = PBXFileReference; lastKnownFileType = sourcecode.cpp.h; path = general_error.hpp; sourceTree = "<group>"; };
/* End PBXFileReference section */

/* Begin PBXFrameworksBuildPhase section */
		D20B42F4220B2D1200C8D600 /* Frameworks */ = {
			isa = PBXFrameworksBuildPhase;
			buildActionMask = 2147483647;
			files = (
			);
			runOnlyForDeploymentPostprocessing = 0;
		};
/* End PBXFrameworksBuildPhase section */

/* Begin PBXGroup section */
		D20B42EE220B2D1200C8D600 = {
			isa = PBXGroup;
			children = (
				D20B42F9220B2D1200C8D600 /* quad_error_generator */,
				D20B42F8220B2D1200C8D600 /* Products */,
			);
			sourceTree = "<group>";
		};
		D20B42F8220B2D1200C8D600 /* Products */ = {
			isa = PBXGroup;
			children = (
				D20B42F7220B2D1200C8D600 /* quad_error_generator */,
			);
			name = Products;
			sourceTree = "<group>";
		};
		D20B42F9220B2D1200C8D600 /* quad_error_generator */ = {
			isa = PBXGroup;
			children = (
				D2CEC7AF220B72D500FD3E14 /* general_error.cpp */,
				D2CEC7B0220B72D500FD3E14 /* general_error.hpp */,
				D20B4301220B2D3200C8D600 /* error_1_generator.cpp */,
				D20B4302220B2D3200C8D600 /* error_1_generator.hpp */,
				D20B4304220B2D4100C8D600 /* error_2_generator.cpp */,
				D20B4305220B2D4100C8D600 /* error_2_generator.hpp */,
				D20B4307220B2D4E00C8D600 /* error_3_generator.cpp */,
				D20B4308220B2D4E00C8D600 /* error_3_generator.hpp */,
				D20B430A220B2D6A00C8D600 /* error_4_generator.cpp */,
				D20B430B220B2D6A00C8D600 /* error_4_generator.hpp */,
			);
			path = quad_error_generator;
			sourceTree = "<group>";
		};
/* End PBXGroup section */

/* Begin PBXNativeTarget section */
		D20B42F6220B2D1200C8D600 /* quad_error_generator */ = {
			isa = PBXNativeTarget;
			buildConfigurationList = D20B42FE220B2D1200C8D600 /* Build configuration list for PBXNativeTarget "quad_error_generator" */;
			buildPhases = (
				D20B42F3220B2D1200C8D600 /* Sources */,
				D20B42F4220B2D1200C8D600 /* Frameworks */,
				D20B42F5220B2D1200C8D600 /* CopyFiles */,
			);
			buildRules = (
			);
			dependencies = (
			);
			name = quad_error_generator;
			productName = quad_error_generator;
			productReference = D20B42F7220B2D1200C8D600 /* quad_error_generator */;
			productType = "com.apple.product-type.tool";
		};
/* End PBXNativeTarget section */

/* Begin PBXProject section */
		D20B42EF220B2D1200C8D600 /* Project object */ = {
			isa = PBXProject;
			attributes = {
				LastUpgradeCheck = 1010;
				ORGANIZATIONNAME = "Nicole Morris";
				TargetAttributes = {
					D20B42F6220B2D1200C8D600 = {
						CreatedOnToolsVersion = 10.1;
					};
				};
			};
			buildConfigurationList = D20B42F2220B2D1200C8D600 /* Build configuration list for PBXProject "quad_error_generator" */;
			compatibilityVersion = "Xcode 9.3";
			developmentRegion = en;
			hasScannedForEncodings = 0;
			knownRegions = (
				en,
			);
			mainGroup = D20B42EE220B2D1200C8D600;
			productRefGroup = D20B42F8220B2D1200C8D600 /* Products */;
			projectDirPath = "";
			projectRoot = "";
			targets = (
				D20B42F6220B2D1200C8D600 /* quad_error_generator */,
			);
		};
/* End PBXProject section */

/* Begin PBXSourcesBuildPhase section */
		D20B42F3220B2D1200C8D600 /* Sources */ = {
			isa = PBXSourcesBuildPhase;
			buildActionMask = 2147483647;
			files = (
				D20B430C220B2D6A00C8D600 /* error_4_generator.cpp in Sources */,
				D20B4309220B2D4E00C8D600 /* error_3_generator.cpp in Sources */,
				D2CEC7B1220B72D500FD3E14 /* general_error.cpp in Sources */,
				D20B4303220B2D3200C8D600 /* error_1_generator.cpp in Sources */,
				D20B4306220B2D4100C8D600 /* error_2_generator.cpp in Sources */,
			);
			runOnlyForDeploymentPostprocessing = 0;
		};
/* End PBXSourcesBuildPhase section */

/* Begin XCBuildConfiguration section */
		D20B42FC220B2D1200C8D600 /* Debug */ = {
			isa = XCBuildConfiguration;
			buildSettings = {
				ALWAYS_SEARCH_USER_PATHS = NO;
				CLANG_ANALYZER_NONNULL = YES;
				CLANG_ANALYZER_NUMBER_OBJECT_CONVERSION = YES_AGGRESSIVE;
				CLANG_CXX_LANGUAGE_STANDARD = "gnu++14";
				CLANG_CXX_LIBRARY = "libc++";
				CLANG_ENABLE_MODULES = YES;
				CLANG_ENABLE_OBJC_ARC = YES;
				CLANG_ENABLE_OBJC_WEAK = YES;
				CLANG_WARN_BLOCK_CAPTURE_AUTORELEASING = YES;
				CLANG_WARN_BOOL_CONVERSION = YES;
				CLANG_WARN_COMMA = YES;
				CLANG_WARN_CONSTANT_CONVERSION = YES;
				CLANG_WARN_DEPRECATED_OBJC_IMPLEMENTATIONS = YES;
				CLANG_WARN_DIRECT_OBJC_ISA_USAGE = YES_ERROR;
				CLANG_WARN_DOCUMENTATION_COMMENTS = YES;
				CLANG_WARN_EMPTY_BODY = YES;
				CLANG_WARN_ENUM_CONVERSION = YES;
				CLANG_WARN_INFINITE_RECURSION = YES;
				CLANG_WARN_INT_CONVERSION = YES;
				CLANG_WARN_NON_LITERAL_NULL_CONVERSION = YES;
				CLANG_WARN_OBJC_IMPLICIT_RETAIN_SELF = YES;
				CLANG_WARN_OBJC_LITERAL_CONVERSION = YES;
				CLANG_WARN_OBJC_ROOT_CLASS = YES_ERROR;
				CLANG_WARN_RANGE_LOOP_ANALYSIS = YES;
				CLANG_WARN_STRICT_PROTOTYPES = YES;
				CLANG_WARN_SUSPICIOUS_MOVE = YES;
				CLANG_WARN_UNGUARDED_AVAILABILITY = YES_AGGRESSIVE;
				CLANG_WARN_UNREACHABLE_CODE = YES;
				CLANG_WARN__DUPLICATE_METHOD_MATCH = YES;
				CODE_SIGN_IDENTITY = "-";
				COPY_PHASE_STRIP = NO;
				DEBUG_INFORMATION_FORMAT = dwarf;
				ENABLE_STRICT_OBJC_MSGSEND = YES;
				ENABLE_TESTABILITY = YES;
				GCC_C_LANGUAGE_STANDARD = gnu11;
				GCC_DYNAMIC_NO_PIC = NO;
				GCC_NO_COMMON_BLOCKS = YES;
				GCC_OPTIMIZATION_LEVEL = 0;
				GCC_PREPROCESSOR_DEFINITIONS = (
					"DEBUG=1",
					"$(inherited)",
				);
				GCC_WARN_64_TO_32_BIT_CONVERSION = YES;
				GCC_WARN_ABOUT_RETURN_TYPE = YES_ERROR;
				GCC_WARN_UNDECLARED_SELECTOR = YES;
				GCC_WARN_UNINITIALIZED_AUTOS = YES_AGGRESSIVE;
				GCC_WARN_UNUSED_FUNCTION = YES;
				GCC_WARN_UNUSED_VARIABLE = YES;
				MACOSX_DEPLOYMENT_TARGET = 10.14;
				MTL_ENABLE_DEBUG_INFO = INCLUDE_SOURCE;
				MTL_FAST_MATH = YES;
				ONLY_ACTIVE_ARCH = YES;
				SDKROOT = macosx;
			};
			name = Debug;
		};
		D20B42FD220B2D1200C8D600 /* Release */ = {
			isa = XCBuildConfiguration;
			buildSettings = {
				ALWAYS_SEARCH_USER_PATHS = NO;
				CLANG_ANALYZER_NONNULL = YES;
				CLANG_ANALYZER_NUMBER_OBJECT_CONVERSION = YES_AGGRESSIVE;
				CLANG_CXX_LANGUAGE_STANDARD = "gnu++14";
				CLANG_CXX_LIBRARY = "libc++";
				CLANG_ENABLE_MODULES = YES;
				CLANG_ENABLE_OBJC_ARC = YES;
				CLANG_ENABLE_OBJC_WEAK = YES;
				CLANG_WARN_BLOCK_CAPTURE_AUTORELEASING = YES;
				CLANG_WARN_BOOL_CONVERSION = YES;
				CLANG_WARN_COMMA = YES;
				CLANG_WARN_CONSTANT_CONVERSION = YES;
				CLANG_WARN_DEPRECATED_OBJC_IMPLEMENTATIONS = YES;
				CLANG_WARN_DIRECT_OBJC_ISA_USAGE = YES_ERROR;
				CLANG_WARN_DOCUMENTATION_COMMENTS = YES;
				CLANG_WARN_EMPTY_BODY = YES;
				CLANG_WARN_ENUM_CONVERSION = YES;
				CLANG_WARN_INFINITE_RECURSION = YES;
				CLANG_WARN_INT_CONVERSION = YES;
				CLANG_WARN_NON_LITERAL_NULL_CONVERSION = YES;
				CLANG_WARN_OBJC_IMPLICIT_RETAIN_SELF = YES;
				CLANG_WARN_OBJC_LITERAL_CONVERSION = YES;
				CLANG_WARN_OBJC_ROOT_CLASS = YES_ERROR;
				CLANG_WARN_RANGE_LOOP_ANALYSIS = YES;
				CLANG_WARN_STRICT_PROTOTYPES = YES;
				CLANG_WARN_SUSPICIOUS_MOVE = YES;
				CLANG_WARN_UNGUARDED_AVAILABILITY = YES_AGGRESSIVE;
				CLANG_WARN_UNREACHABLE_CODE = YES;
				CLANG_WARN__DUPLICATE_METHOD_MATCH = YES;
				CODE_SIGN_IDENTITY = "-";
				COPY_PHASE_STRIP = NO;
				DEBUG_INFORMATION_FORMAT = "dwarf-with-dsym";
				ENABLE_NS_ASSERTIONS = NO;
				ENABLE_STRICT_OBJC_MSGSEND = YES;
				GCC_C_LANGUAGE_STANDARD = gnu11;
				GCC_NO_COMMON_BLOCKS = YES;
				GCC_WARN_64_TO_32_BIT_CONVERSION = YES;
				GCC_WARN_ABOUT_RETURN_TYPE = YES_ERROR;
				GCC_WARN_UNDECLARED_SELECTOR = YES;
				GCC_WARN_UNINITIALIZED_AUTOS = YES_AGGRESSIVE;
				GCC_WARN_UNUSED_FUNCTION = YES;
				GCC_WARN_UNUSED_VARIABLE = YES;
				MACOSX_DEPLOYMENT_TARGET = 10.14;
				MTL_ENABLE_DEBUG_INFO = NO;
				MTL_FAST_MATH = YES;
				SDKROOT = macosx;
			};
			name = Release;
		};
		D20B42FF220B2D1200C8D600 /* Debug */ = {
			isa = XCBuildConfiguration;
			buildSettings = {
				CODE_SIGN_STYLE = Automatic;
				PRODUCT_NAME = "$(TARGET_NAME)";
			};
			name = Debug;
		};
		D20B4300220B2D1200C8D600 /* Release */ = {
			isa = XCBuildConfiguration;
			buildSettings = {
				CODE_SIGN_STYLE = Automatic;
				PRODUCT_NAME = "$(TARGET_NAME)";
			};
			name = Release;
		};
/* End XCBuildConfiguration section */

/* Begin XCConfigurationList section */
		D20B42F2220B2D1200C8D600 /* Build configuration list for PBXProject "quad_error_generator" */ = {
			isa = XCConfigurationList;
			buildConfigurations = (
				D20B42FC220B2D1200C8D600 /* Debug */,
				D20B42FD220B2D1200C8D600 /* Release */,
			);
			defaultConfigurationIsVisible = 0;
			defaultConfigurationName = Release;
		};
		D20B42FE220B2D1200C8D600 /* Build configuration list for PBXNativeTarget "quad_error_generator" */ = {
			isa = XCConfigurationList;
			buildConfigurations = (
				D20B42FF220B2D1200C8D600 /* Debug */,
				D20B4300220B2D1200C8D600 /* Release */,
			);
			defaultConfigurationIsVisible = 0;
			defaultConfigurationName = Release;
		};
/* End XCConfigurationList section */
	};
	rootObject = D20B42EF220B2D1200C8D600 /* Project object */;
}
